// !$*UTF8*$!
{
	archiveVersion = 1;
	classes = {
	};
	objectVersion = 56;
	objects = {

/* Begin PBXBuildFile section */
		EE7A7AA12BCBF1840020D7B6 /* memorizeAppApp.swift in Sources */ = {isa = PBXBuildFile; fileRef = EE7A7AA02BCBF1840020D7B6 /* memorizeAppApp.swift */; };
		EE7A7AA32BCBF1840020D7B6 /* ContentView.swift in Sources */ = {isa = PBXBuildFile; fileRef = EE7A7AA22BCBF1840020D7B6 /* ContentView.swift */; };
		EE7A7AA52BCBF1860020D7B6 /* Assets.xcassets in Resources */ = {isa = PBXBuildFile; fileRef = EE7A7AA42BCBF1860020D7B6 /* Assets.xcassets */; };
		EE7A7AA82BCBF1860020D7B6 /* Preview Assets.xcassets in Resources */ = {isa = PBXBuildFile; fileRef = EE7A7AA72BCBF1860020D7B6 /* Preview Assets.xcassets */; };
		EE7A7AB22BCBF1860020D7B6 /* memorizeAppTests.swift in Sources */ = {isa = PBXBuildFile; fileRef = EE7A7AB12BCBF1860020D7B6 /* memorizeAppTests.swift */; };
		EE7A7ABC2BCBF1860020D7B6 /* memorizeAppUITests.swift in Sources */ = {isa = PBXBuildFile; fileRef = EE7A7ABB2BCBF1860020D7B6 /* memorizeAppUITests.swift */; };
		EE7A7ABE2BCBF1860020D7B6 /* memorizeAppUITestsLaunchTests.swift in Sources */ = {isa = PBXBuildFile; fileRef = EE7A7ABD2BCBF1860020D7B6 /* memorizeAppUITestsLaunchTests.swift */; };
/* End PBXBuildFile section */

/* Begin PBXContainerItemProxy section */
		EE7A7AAE2BCBF1860020D7B6 /* PBXContainerItemProxy */ = {
			isa = PBXContainerItemProxy;
			containerPortal = EE7A7A952BCBF1840020D7B6 /* Project object */;
			proxyType = 1;
			remoteGlobalIDString = EE7A7A9C2BCBF1840020D7B6;
			remoteInfo = memorizeApp;
		};
		EE7A7AB82BCBF1860020D7B6 /* PBXContainerItemProxy */ = {
			isa = PBXContainerItemProxy;
			containerPortal = EE7A7A952BCBF1840020D7B6 /* Project object */;
			proxyType = 1;
			remoteGlobalIDString = EE7A7A9C2BCBF1840020D7B6;
			remoteInfo = memorizeApp;
		};
/* End PBXContainerItemProxy section */

/* Begin PBXFileReference section */
		EE7A7A9D2BCBF1840020D7B6 /* memorizeApp.app */ = {isa = PBXFileReference; explicitFileType = wrapper.application; includeInIndex = 0; path = memorizeApp.app; sourceTree = BUILT_PRODUCTS_DIR; };
		EE7A7AA02BCBF1840020D7B6 /* memorizeAppApp.swift */ = {isa = PBXFileReference; lastKnownFileType = sourcecode.swift; path = memorizeAppApp.swift; sourceTree = "<group>"; };
		EE7A7AA22BCBF1840020D7B6 /* ContentView.swift */ = {isa = PBXFileReference; lastKnownFileType = sourcecode.swift; path = ContentView.swift; sourceTree = "<group>"; };
		EE7A7AA42BCBF1860020D7B6 /* Assets.xcassets */ = {isa = PBXFileReference; lastKnownFileType = folder.assetcatalog; path = Assets.xcassets; sourceTree = "<group>"; };
		EE7A7AA72BCBF1860020D7B6 /* Preview Assets.xcassets */ = {isa = PBXFileReference; lastKnownFileType = folder.assetcatalog; path = "Preview Assets.xcassets"; sourceTree = "<group>"; };
		EE7A7AAD2BCBF1860020D7B6 /* memorizeAppTests.xctest */ = {isa = PBXFileReference; explicitFileType = wrapper.cfbundle; includeInIndex = 0; path = memorizeAppTests.xctest; sourceTree = BUILT_PRODUCTS_DIR; };
		EE7A7AB12BCBF1860020D7B6 /* memorizeAppTests.swift */ = {isa = PBXFileReference; lastKnownFileType = sourcecode.swift; path = memorizeAppTests.swift; sourceTree = "<group>"; };
		EE7A7AB72BCBF1860020D7B6 /* memorizeAppUITests.xctest */ = {isa = PBXFileReference; explicitFileType = wrapper.cfbundle; includeInIndex = 0; path = memorizeAppUITests.xctest; sourceTree = BUILT_PRODUCTS_DIR; };
		EE7A7ABB2BCBF1860020D7B6 /* memorizeAppUITests.swift */ = {isa = PBXFileReference; lastKnownFileType = sourcecode.swift; path = memorizeAppUITests.swift; sourceTree = "<group>"; };
		EE7A7ABD2BCBF1860020D7B6 /* memorizeAppUITestsLaunchTests.swift */ = {isa = PBXFileReference; lastKnownFileType = sourcecode.swift; path = memorizeAppUITestsLaunchTests.swift; sourceTree = "<group>"; };
/* End PBXFileReference section */

/* Begin PBXFrameworksBuildPhase section */
		EE7A7A9A2BCBF1840020D7B6 /* Frameworks */ = {
			isa = PBXFrameworksBuildPhase;
			buildActionMask = 2147483647;
			files = (
			);
			runOnlyForDeploymentPostprocessing = 0;
		};
		EE7A7AAA2BCBF1860020D7B6 /* Frameworks */ = {
			isa = PBXFrameworksBuildPhase;
			buildActionMask = 2147483647;
			files = (
			);
			runOnlyForDeploymentPostprocessing = 0;
		};
		EE7A7AB42BCBF1860020D7B6 /* Frameworks */ = {
			isa = PBXFrameworksBuildPhase;
			buildActionMask = 2147483647;
			files = (
			);
			runOnlyForDeploymentPostprocessing = 0;
		};
/* End PBXFrameworksBuildPhase section */

/* Begin PBXGroup section */
		EE7A7A942BCBF1840020D7B6 = {
			isa = PBXGroup;
			children = (
				EE7A7A9F2BCBF1840020D7B6 /* memorizeApp */,
				EE7A7AB02BCBF1860020D7B6 /* memorizeAppTests */,
				EE7A7ABA2BCBF1860020D7B6 /* memorizeAppUITests */,
				EE7A7A9E2BCBF1840020D7B6 /* Products */,
			);
			sourceTree = "<group>";
		};
		EE7A7A9E2BCBF1840020D7B6 /* Products */ = {
			isa = PBXGroup;
			children = (
				EE7A7A9D2BCBF1840020D7B6 /* memorizeApp.app */,
				EE7A7AAD2BCBF1860020D7B6 /* memorizeAppTests.xctest */,
				EE7A7AB72BCBF1860020D7B6 /* memorizeAppUITests.xctest */,
			);
			name = Products;
			sourceTree = "<group>";
		};
		EE7A7A9F2BCBF1840020D7B6 /* memorizeApp */ = {
			isa = PBXGroup;
			children = (
				EE7A7AA02BCBF1840020D7B6 /* memorizeAppApp.swift */,
				EE7A7AA22BCBF1840020D7B6 /* ContentView.swift */,
				EE7A7AA42BCBF1860020D7B6 /* Assets.xcassets */,
				EE7A7AA62BCBF1860020D7B6 /* Preview Content */,
			);
			path = memorizeApp;
			sourceTree = "<group>";
		};
		EE7A7AA62BCBF1860020D7B6 /* Preview Content */ = {
			isa = PBXGroup;
			children = (
				EE7A7AA72BCBF1860020D7B6 /* Preview Assets.xcassets */,
			);
			path = "Preview Content";
			sourceTree = "<group>";
		};
		EE7A7AB02BCBF1860020D7B6 /* memorizeAppTests */ = {
			isa = PBXGroup;
			children = (
				EE7A7AB12BCBF1860020D7B6 /* memorizeAppTests.swift */,
			);
			path = memorizeAppTests;
			sourceTree = "<group>";
		};
		EE7A7ABA2BCBF1860020D7B6 /* memorizeAppUITests */ = {
			isa = PBXGroup;
			children = (
				EE7A7ABB2BCBF1860020D7B6 /* memorizeAppUITests.swift */,
				EE7A7ABD2BCBF1860020D7B6 /* memorizeAppUITestsLaunchTests.swift */,
			);
			path = memorizeAppUITests;
			sourceTree = "<group>";
		};
/* End PBXGroup section */

/* Begin PBXNativeTarget section */
		EE7A7A9C2BCBF1840020D7B6 /* memorizeApp */ = {
			isa = PBXNativeTarget;
			buildConfigurationList = EE7A7AC12BCBF1860020D7B6 /* Build configuration list for PBXNativeTarget "memorizeApp" */;
			buildPhases = (
				EE7A7A992BCBF1840020D7B6 /* Sources */,
				EE7A7A9A2BCBF1840020D7B6 /* Frameworks */,
				EE7A7A9B2BCBF1840020D7B6 /* Resources */,
			);
			buildRules = (
			);
			dependencies = (
			);
			name = memorizeApp;
			productName = memorizeApp;
			productReference = EE7A7A9D2BCBF1840020D7B6 /* memorizeApp.app */;
			productType = "com.apple.product-type.application";
		};
		EE7A7AAC2BCBF1860020D7B6 /* memorizeAppTests */ = {
			isa = PBXNativeTarget;
			buildConfigurationList = EE7A7AC42BCBF1860020D7B6 /* Build configuration list for PBXNativeTarget "memorizeAppTests" */;
			buildPhases = (
				EE7A7AA92BCBF1860020D7B6 /* Sources */,
				EE7A7AAA2BCBF1860020D7B6 /* Frameworks */,
				EE7A7AAB2BCBF1860020D7B6 /* Resources */,
			);
			buildRules = (
			);
			dependencies = (
				EE7A7AAF2BCBF1860020D7B6 /* PBXTargetDependency */,
			);
			name = memorizeAppTests;
			productName = memorizeAppTests;
			productReference = EE7A7AAD2BCBF1860020D7B6 /* memorizeAppTests.xctest */;
			productType = "com.apple.product-type.bundle.unit-test";
		};
		EE7A7AB62BCBF1860020D7B6 /* memorizeAppUITests */ = {
			isa = PBXNativeTarget;
			buildConfigurationList = EE7A7AC72BCBF1860020D7B6 /* Build configuration list for PBXNativeTarget "memorizeAppUITests" */;
			buildPhases = (
				EE7A7AB32BCBF1860020D7B6 /* Sources */,
				EE7A7AB42BCBF1860020D7B6 /* Frameworks */,
				EE7A7AB52BCBF1860020D7B6 /* Resources */,
			);
			buildRules = (
			);
			dependencies = (
				EE7A7AB92BCBF1860020D7B6 /* PBXTargetDependency */,
			);
			name = memorizeAppUITests;
			productName = memorizeAppUITests;
			productReference = EE7A7AB72BCBF1860020D7B6 /* memorizeAppUITests.xctest */;
			productType = "com.apple.product-type.bundle.ui-testing";
		};
/* End PBXNativeTarget section */

/* Begin PBXProject section */
		EE7A7A952BCBF1840020D7B6 /* Project object */ = {
			isa = PBXProject;
			attributes = {
				BuildIndependentTargetsInParallel = 1;
				LastSwiftUpdateCheck = 1530;
				LastUpgradeCheck = 1530;
				TargetAttributes = {
					EE7A7A9C2BCBF1840020D7B6 = {
						CreatedOnToolsVersion = 15.3;
					};
					EE7A7AAC2BCBF1860020D7B6 = {
						CreatedOnToolsVersion = 15.3;
						TestTargetID = EE7A7A9C2BCBF1840020D7B6;
					};
					EE7A7AB62BCBF1860020D7B6 = {
						CreatedOnToolsVersion = 15.3;
						TestTargetID = EE7A7A9C2BCBF1840020D7B6;
					};
				};
			};
			buildConfigurationList = EE7A7A982BCBF1840020D7B6 /* Build configuration list for PBXProject "memorizeApp" */;
			compatibilityVersion = "Xcode 14.0";
			developmentRegion = en;
			hasScannedForEncodings = 0;
			knownRegions = (
				en,
				Base,
			);
			mainGroup = EE7A7A942BCBF1840020D7B6;
			productRefGroup = EE7A7A9E2BCBF1840020D7B6 /* Products */;
			projectDirPath = "";
			projectRoot = "";
			targets = (
				EE7A7A9C2BCBF1840020D7B6 /* memorizeApp */,
				EE7A7AAC2BCBF1860020D7B6 /* memorizeAppTests */,
				EE7A7AB62BCBF1860020D7B6 /* memorizeAppUITests */,
			);
		};
/* End PBXProject section */

/* Begin PBXResourcesBuildPhase section */
		EE7A7A9B2BCBF1840020D7B6 /* Resources */ = {
			isa = PBXResourcesBuildPhase;
			buildActionMask = 2147483647;
			files = (
				EE7A7AA82BCBF1860020D7B6 /* Preview Assets.xcassets in Resources */,
				EE7A7AA52BCBF1860020D7B6 /* Assets.xcassets in Resources */,
			);
			runOnlyForDeploymentPostprocessing = 0;
		};
		EE7A7AAB2BCBF1860020D7B6 /* Resources */ = {
			isa = PBXResourcesBuildPhase;
			buildActionMask = 2147483647;
			files = (
			);
			runOnlyForDeploymentPostprocessing = 0;
		};
		EE7A7AB52BCBF1860020D7B6 /* Resources */ = {
			isa = PBXResourcesBuildPhase;
			buildActionMask = 2147483647;
			files = (
			);
			runOnlyForDeploymentPostprocessing = 0;
		};
/* End PBXResourcesBuildPhase section */

/* Begin PBXSourcesBuildPhase section */
		EE7A7A992BCBF1840020D7B6 /* Sources */ = {
			isa = PBXSourcesBuildPhase;
			buildActionMask = 2147483647;
			files = (
				EE7A7AA32BCBF1840020D7B6 /* ContentView.swift in Sources */,
				EE7A7AA12BCBF1840020D7B6 /* memorizeAppApp.swift in Sources */,
			);
			runOnlyForDeploymentPostprocessing = 0;
		};
		EE7A7AA92BCBF1860020D7B6 /* Sources */ = {
			isa = PBXSourcesBuildPhase;
			buildActionMask = 2147483647;
			files = (
				EE7A7AB22BCBF1860020D7B6 /* memorizeAppTests.swift in Sources */,
			);
			runOnlyForDeploymentPostprocessing = 0;
		};
		EE7A7AB32BCBF1860020D7B6 /* Sources */ = {
			isa = PBXSourcesBuildPhase;
			buildActionMask = 2147483647;
			files = (
				EE7A7ABE2BCBF1860020D7B6 /* memorizeAppUITestsLaunchTests.swift in Sources */,
				EE7A7ABC2BCBF1860020D7B6 /* memorizeAppUITests.swift in Sources */,
			);
			runOnlyForDeploymentPostprocessing = 0;
		};
/* End PBXSourcesBuildPhase section */

/* Begin PBXTargetDependency section */
		EE7A7AAF2BCBF1860020D7B6 /* PBXTargetDependency */ = {
			isa = PBXTargetDependency;
			target = EE7A7A9C2BCBF1840020D7B6 /* memorizeApp */;
			targetProxy = EE7A7AAE2BCBF1860020D7B6 /* PBXContainerItemProxy */;
		};
		EE7A7AB92BCBF1860020D7B6 /* PBXTargetDependency */ = {
			isa = PBXTargetDependency;
			target = EE7A7A9C2BCBF1840020D7B6 /* memorizeApp */;
			targetProxy = EE7A7AB82BCBF1860020D7B6 /* PBXContainerItemProxy */;
		};
/* End PBXTargetDependency section */

/* Begin XCBuildConfiguration section */
		EE7A7ABF2BCBF1860020D7B6 /* Debug */ = {
			isa = XCBuildConfiguration;
			buildSettings = {
				ALWAYS_SEARCH_USER_PATHS = NO;
				ASSETCATALOG_COMPILER_GENERATE_SWIFT_ASSET_SYMBOL_EXTENSIONS = YES;
				CLANG_ANALYZER_NONNULL = YES;
				CLANG_ANALYZER_NUMBER_OBJECT_CONVERSION = YES_AGGRESSIVE;
				CLANG_CXX_LANGUAGE_STANDARD = "gnu++20";
				CLANG_ENABLE_MODULES = YES;
				CLANG_ENABLE_OBJC_ARC = YES;
				CLANG_ENABLE_OBJC_WEAK = YES;
				CLANG_WARN_BLOCK_CAPTURE_AUTORELEASING = YES;
				CLANG_WARN_BOOL_CONVERSION = YES;
				CLANG_WARN_COMMA = YES;
				CLANG_WARN_CONSTANT_CONVERSION = YES;
				CLANG_WARN_DEPRECATED_OBJC_IMPLEMENTATIONS = YES;
				CLANG_WARN_DIRECT_OBJC_ISA_USAGE = YES_ERROR;
				CLANG_WARN_DOCUMENTATION_COMMENTS = YES;
				CLANG_WARN_EMPTY_BODY = YES;
				CLANG_WARN_ENUM_CONVERSION = YES;
				CLANG_WARN_INFINITE_RECURSION = YES;
				CLANG_WARN_INT_CONVERSION = YES;
				CLANG_WARN_NON_LITERAL_NULL_CONVERSION = YES;
				CLANG_WARN_OBJC_IMPLICIT_RETAIN_SELF = YES;
				CLANG_WARN_OBJC_LITERAL_CONVERSION = YES;
				CLANG_WARN_OBJC_ROOT_CLASS = YES_ERROR;
				CLANG_WARN_QUOTED_INCLUDE_IN_FRAMEWORK_HEADER = YES;
				CLANG_WARN_RANGE_LOOP_ANALYSIS = YES;
				CLANG_WARN_STRICT_PROTOTYPES = YES;
				CLANG_WARN_SUSPICIOUS_MOVE = YES;
				CLANG_WARN_UNGUARDED_AVAILABILITY = YES_AGGRESSIVE;
				CLANG_WARN_UNREACHABLE_CODE = YES;
				CLANG_WARN__DUPLICATE_METHOD_MATCH = YES;
				COPY_PHASE_STRIP = NO;
				DEBUG_INFORMATION_FORMAT = dwarf;
				ENABLE_STRICT_OBJC_MSGSEND = YES;
				ENABLE_TESTABILITY = YES;
				ENABLE_USER_SCRIPT_SANDBOXING = YES;
				GCC_C_LANGUAGE_STANDARD = gnu17;
				GCC_DYNAMIC_NO_PIC = NO;
				GCC_NO_COMMON_BLOCKS = YES;
				GCC_OPTIMIZATION_LEVEL = 0;
				GCC_PREPROCESSOR_DEFINITIONS = (
					"DEBUG=1",
					"$(inherited)",
				);
				GCC_WARN_64_TO_32_BIT_CONVERSION = YES;
				GCC_WARN_ABOUT_RETURN_TYPE = YES_ERROR;
				GCC_WARN_UNDECLARED_SELECTOR = YES;
				GCC_WARN_UNINITIALIZED_AUTOS = YES_AGGRESSIVE;
				GCC_WARN_UNUSED_FUNCTION = YES;
				GCC_WARN_UNUSED_VARIABLE = YES;
				IPHONEOS_DEPLOYMENT_TARGET = 17.4;
				LOCALIZATION_PREFERS_STRING_CATALOGS = YES;
				MTL_ENABLE_DEBUG_INFO = INCLUDE_SOURCE;
				MTL_FAST_MATH = YES;
				ONLY_ACTIVE_ARCH = YES;
				SDKROOT = iphoneos;
				SWIFT_ACTIVE_COMPILATION_CONDITIONS = "DEBUG $(inherited)";
				SWIFT_OPTIMIZATION_LEVEL = "-Onone";
			};
			name = Debug;
		};
		EE7A7AC02BCBF1860020D7B6 /* Release */ = {
			isa = XCBuildConfiguration;
			buildSettings = {
				ALWAYS_SEARCH_USER_PATHS = NO;
				ASSETCATALOG_COMPILER_GENERATE_SWIFT_ASSET_SYMBOL_EXTENSIONS = YES;
				CLANG_ANALYZER_NONNULL = YES;
				CLANG_ANALYZER_NUMBER_OBJECT_CONVERSION = YES_AGGRESSIVE;
				CLANG_CXX_LANGUAGE_STANDARD = "gnu++20";
				CLANG_ENABLE_MODULES = YES;
				CLANG_ENABLE_OBJC_ARC = YES;
				CLANG_ENABLE_OBJC_WEAK = YES;
				CLANG_WARN_BLOCK_CAPTURE_AUTORELEASING = YES;
				CLANG_WARN_BOOL_CONVERSION = YES;
				CLANG_WARN_COMMA = YES;
				CLANG_WARN_CONSTANT_CONVERSION = YES;
				CLANG_WARN_DEPRECATED_OBJC_IMPLEMENTATIONS = YES;
				CLANG_WARN_DIRECT_OBJC_ISA_USAGE = YES_ERROR;
				CLANG_WARN_DOCUMENTATION_COMMENTS = YES;
				CLANG_WARN_EMPTY_BODY = YES;
				CLANG_WARN_ENUM_CONVERSION = YES;
				CLANG_WARN_INFINITE_RECURSION = YES;
				CLANG_WARN_INT_CONVERSION = YES;
				CLANG_WARN_NON_LITERAL_NULL_CONVERSION = YES;
				CLANG_WARN_OBJC_IMPLICIT_RETAIN_SELF = YES;
				CLANG_WARN_OBJC_LITERAL_CONVERSION = YES;
				CLANG_WARN_OBJC_ROOT_CLASS = YES_ERROR;
				CLANG_WARN_QUOTED_INCLUDE_IN_FRAMEWORK_HEADER = YES;
				CLANG_WARN_RANGE_LOOP_ANALYSIS = YES;
				CLANG_WARN_STRICT_PROTOTYPES = YES;
				CLANG_WARN_SUSPICIOUS_MOVE = YES;
				CLANG_WARN_UNGUARDED_AVAILABILITY = YES_AGGRESSIVE;
				CLANG_WARN_UNREACHABLE_CODE = YES;
				CLANG_WARN__DUPLICATE_METHOD_MATCH = YES;
				COPY_PHASE_STRIP = NO;
				DEBUG_INFORMATION_FORMAT = "dwarf-with-dsym";
				ENABLE_NS_ASSERTIONS = NO;
				ENABLE_STRICT_OBJC_MSGSEND = YES;
				ENABLE_USER_SCRIPT_SANDBOXING = YES;
				GCC_C_LANGUAGE_STANDARD = gnu17;
				GCC_NO_COMMON_BLOCKS = YES;
				GCC_WARN_64_TO_32_BIT_CONVERSION = YES;
				GCC_WARN_ABOUT_RETURN_TYPE = YES_ERROR;
				GCC_WARN_UNDECLARED_SELECTOR = YES;
				GCC_WARN_UNINITIALIZED_AUTOS = YES_AGGRESSIVE;
				GCC_WARN_UNUSED_FUNCTION = YES;
				GCC_WARN_UNUSED_VARIABLE = YES;
				IPHONEOS_DEPLOYMENT_TARGET = 17.4;
				LOCALIZATION_PREFERS_STRING_CATALOGS = YES;
				MTL_ENABLE_DEBUG_INFO = NO;
				MTL_FAST_MATH = YES;
				SDKROOT = iphoneos;
				SWIFT_COMPILATION_MODE = wholemodule;
				VALIDATE_PRODUCT = YES;
			};
			name = Release;
		};
		EE7A7AC22BCBF1860020D7B6 /* Debug */ = {
			isa = XCBuildConfiguration;
			buildSettings = {
				ASSETCATALOG_COMPILER_APPICON_NAME = AppIcon;
				ASSETCATALOG_COMPILER_GLOBAL_ACCENT_COLOR_NAME = AccentColor;
				CODE_SIGN_STYLE = Automatic;
				CURRENT_PROJECT_VERSION = 1;
				DEVELOPMENT_ASSET_PATHS = "\"memorizeApp/Preview Content\"";
				ENABLE_PREVIEWS = YES;
				GENERATE_INFOPLIST_FILE = YES;
				INFOPLIST_KEY_UIApplicationSceneManifest_Generation = YES;
				INFOPLIST_KEY_UIApplicationSupportsIndirectInputEvents = YES;
				INFOPLIST_KEY_UILaunchScreen_Generation = YES;
				INFOPLIST_KEY_UISupportedInterfaceOrientations_iPad = "UIInterfaceOrientationPortrait UIInterfaceOrientationPortraitUpsideDown UIInterfaceOrientationLandscapeLeft UIInterfaceOrientationLandscapeRight";
				INFOPLIST_KEY_UISupportedInterfaceOrientations_iPhone = "UIInterfaceOrientationPortrait UIInterfaceOrientationLandscapeLeft UIInterfaceOrientationLandscapeRight";
				LD_RUNPATH_SEARCH_PATHS = (
					"$(inherited)",
					"@executable_path/Frameworks",
				);
				MARKETING_VERSION = 1.0;
				PRODUCT_BUNDLE_IDENTIFIER = ummul.memorizeApp;
				PRODUCT_NAME = "$(TARGET_NAME)";
				SWIFT_EMIT_LOC_STRINGS = YES;
				SWIFT_VERSION = 5.0;
				TARGETED_DEVICE_FAMILY = "1,2";
			};
			name = Debug;
		};
		EE7A7AC32BCBF1860020D7B6 /* Release */ = {
			isa = XCBuildConfiguration;
			buildSettings = {
				ASSETCATALOG_COMPILER_APPICON_NAME = AppIcon;
				ASSETCATALOG_COMPILER_GLOBAL_ACCENT_COLOR_NAME = AccentColor;
				CODE_SIGN_STYLE = Automatic;
				CURRENT_PROJECT_VERSION = 1;
				DEVELOPMENT_ASSET_PATHS = "\"memorizeApp/Preview Content\"";
				ENABLE_PREVIEWS = YES;
				GENERATE_INFOPLIST_FILE = YES;
				INFOPLIST_KEY_UIApplicationSceneManifest_Generation = YES;
				INFOPLIST_KEY_UIApplicationSupportsIndirectInputEvents = YES;
				INFOPLIST_KEY_UILaunchScreen_Generation = YES;
				INFOPLIST_KEY_UISupportedInterfaceOrientations_iPad = "UIInterfaceOrientationPortrait UIInterfaceOrientationPortraitUpsideDown UIInterfaceOrientationLandscapeLeft UIInterfaceOrientationLandscapeRight";
				INFOPLIST_KEY_UISupportedInterfaceOrientations_iPhone = "UIInterfaceOrientationPortrait UIInterfaceOrientationLandscapeLeft UIInterfaceOrientationLandscapeRight";
				LD_RUNPATH_SEARCH_PATHS = (
					"$(inherited)",
					"@executable_path/Frameworks",
				);
				MARKETING_VERSION = 1.0;
				PRODUCT_BUNDLE_IDENTIFIER = ummul.memorizeApp;
				PRODUCT_NAME = "$(TARGET_NAME)";
				SWIFT_EMIT_LOC_STRINGS = YES;
				SWIFT_VERSION = 5.0;
				TARGETED_DEVICE_FAMILY = "1,2";
			};
			name = Release;
		};
		EE7A7AC52BCBF1860020D7B6 /* Debug */ = {
			isa = XCBuildConfiguration;
			buildSettings = {
				ALWAYS_EMBED_SWIFT_STANDARD_LIBRARIES = YES;
				BUNDLE_LOADER = "$(TEST_HOST)";
				CODE_SIGN_STYLE = Automatic;
				CURRENT_PROJECT_VERSION = 1;
				GENERATE_INFOPLIST_FILE = YES;
				IPHONEOS_DEPLOYMENT_TARGET = 17.4;
				MARKETING_VERSION = 1.0;
				PRODUCT_BUNDLE_IDENTIFIER = ummul.memorizeAppTests;
				PRODUCT_NAME = "$(TARGET_NAME)";
				SWIFT_EMIT_LOC_STRINGS = NO;
				SWIFT_VERSION = 5.0;
				TARGETED_DEVICE_FAMILY = "1,2";
				TEST_HOST = "$(BUILT_PRODUCTS_DIR)/memorizeApp.app/$(BUNDLE_EXECUTABLE_FOLDER_PATH)/memorizeApp";
			};
			name = Debug;
		};
		EE7A7AC62BCBF1860020D7B6 /* Release */ = {
			isa = XCBuildConfiguration;
			buildSettings = {
				ALWAYS_EMBED_SWIFT_STANDARD_LIBRARIES = YES;
				BUNDLE_LOADER = "$(TEST_HOST)";
				CODE_SIGN_STYLE = Automatic;
				CURRENT_PROJECT_VERSION = 1;
				GENERATE_INFOPLIST_FILE = YES;
				IPHONEOS_DEPLOYMENT_TARGET = 17.4;
				MARKETING_VERSION = 1.0;
				PRODUCT_BUNDLE_IDENTIFIER = ummul.memorizeAppTests;
				PRODUCT_NAME = "$(TARGET_NAME)";
				SWIFT_EMIT_LOC_STRINGS = NO;
				SWIFT_VERSION = 5.0;
				TARGETED_DEVICE_FAMILY = "1,2";
				TEST_HOST = "$(BUILT_PRODUCTS_DIR)/memorizeApp.app/$(BUNDLE_EXECUTABLE_FOLDER_PATH)/memorizeApp";
			};
			name = Release;
		};
		EE7A7AC82BCBF1860020D7B6 /* Debug */ = {
			isa = XCBuildConfiguration;
			buildSettings = {
				ALWAYS_EMBED_SWIFT_STANDARD_LIBRARIES = YES;
				CODE_SIGN_STYLE = Automatic;
				CURRENT_PROJECT_VERSION = 1;
				GENERATE_INFOPLIST_FILE = YES;
				MARKETING_VERSION = 1.0;
				PRODUCT_BUNDLE_IDENTIFIER = ummul.memorizeAppUITests;
				PRODUCT_NAME = "$(TARGET_NAME)";
				SWIFT_EMIT_LOC_STRINGS = NO;
				SWIFT_VERSION = 5.0;
				TARGETED_DEVICE_FAMILY = "1,2";
				TEST_TARGET_NAME = memorizeApp;
			};
			name = Debug;
		};
		EE7A7AC92BCBF1860020D7B6 /* Release */ = {
			isa = XCBuildConfiguration;
			buildSettings = {
				ALWAYS_EMBED_SWIFT_STANDARD_LIBRARIES = YES;
				CODE_SIGN_STYLE = Automatic;
				CURRENT_PROJECT_VERSION = 1;
				GENERATE_INFOPLIST_FILE = YES;
				MARKETING_VERSION = 1.0;
				PRODUCT_BUNDLE_IDENTIFIER = ummul.memorizeAppUITests;
				PRODUCT_NAME = "$(TARGET_NAME)";
				SWIFT_EMIT_LOC_STRINGS = NO;
				SWIFT_VERSION = 5.0;
				TARGETED_DEVICE_FAMILY = "1,2";
				TEST_TARGET_NAME = memorizeApp;
			};
			name = Release;
		};
/* End XCBuildConfiguration section */

/* Begin XCConfigurationList section */
		EE7A7A982BCBF1840020D7B6 /* Build configuration list for PBXProject "memorizeApp" */ = {
			isa = XCConfigurationList;
			buildConfigurations = (
				EE7A7ABF2BCBF1860020D7B6 /* Debug */,
				EE7A7AC02BCBF1860020D7B6 /* Release */,
			);
			defaultConfigurationIsVisible = 0;
			defaultConfigurationName = Release;
		};
		EE7A7AC12BCBF1860020D7B6 /* Build configuration list for PBXNativeTarget "memorizeApp" */ = {
			isa = XCConfigurationList;
			buildConfigurations = (
				EE7A7AC22BCBF1860020D7B6 /* Debug */,
				EE7A7AC32BCBF1860020D7B6 /* Release */,
			);
			defaultConfigurationIsVisible = 0;
			defaultConfigurationName = Release;
		};
		EE7A7AC42BCBF1860020D7B6 /* Build configuration list for PBXNativeTarget "memorizeAppTests" */ = {
			isa = XCConfigurationList;
			buildConfigurations = (
				EE7A7AC52BCBF1860020D7B6 /* Debug */,
				EE7A7AC62BCBF1860020D7B6 /* Release */,
			);
			defaultConfigurationIsVisible = 0;
			defaultConfigurationName = Release;
		};
		EE7A7AC72BCBF1860020D7B6 /* Build configuration list for PBXNativeTarget "memorizeAppUITests" */ = {
			isa = XCConfigurationList;
			buildConfigurations = (
				EE7A7AC82BCBF1860020D7B6 /* Debug */,
				EE7A7AC92BCBF1860020D7B6 /* Release */,
			);
			defaultConfigurationIsVisible = 0;
			defaultConfigurationName = Release;
		};
/* End XCConfigurationList section */
	};
	rootObject = EE7A7A952BCBF1840020D7B6 /* Project object */;
}
